
Microsoft Visual Studio Solution File, Format Version 12.00
Project("{FAE04EC0-301F-11D3-BF4B-00C04F79EFBC}") = "mediator-cqrs", "mediator-cqrs\mediator-cqrs.csproj", "{8E91E7B4-B03E-4978-B274-9A5F2EEAAAA2}"
EndProject
Global
	GlobalSection(SolutionConfigurationPlatforms) = preSolution
		Debug|Any CPU = Debug|Any CPU
		Release|Any CPU = Release|Any CPU
	EndGlobalSection
	GlobalSection(ProjectConfigurationPlatforms) = postSolution
		{8E91E7B4-B03E-4978-B274-9A5F2EEAAAA2}.Debug|Any CPU.ActiveCfg = Debug|Any CPU
		{8E91E7B4-B03E-4978-B274-9A5F2EEAAAA2}.Debug|Any CPU.Build.0 = Debug|Any CPU
		{8E91E7B4-B03E-4978-B274-9A5F2EEAAAA2}.Release|Any CPU.ActiveCfg = Release|Any CPU
		{8E91E7B4-B03E-4978-B274-9A5F2EEAAAA2}.Release|Any CPU.Build.0 = Release|Any CPU
	EndGlobalSection
EndGlobal
