
Microsoft Visual Studio Solution File, Format Version 12.00
Project("{FAE04EC0-301F-11D3-BF4B-00C04F79EFBC}") = "SRP", "SRP\SRP.csproj", "{51D53A01-33F6-463B-AE23-0AD584F785D2}"
EndProject
Global
	GlobalSection(SolutionConfigurationPlatforms) = preSolution
		Debug|Any CPU = Debug|Any CPU
		Release|Any CPU = Release|Any CPU
	EndGlobalSection
	GlobalSection(ProjectConfigurationPlatforms) = postSolution
		{51D53A01-33F6-463B-AE23-0AD584F785D2}.Debug|Any CPU.ActiveCfg = Debug|Any CPU
		{51D53A01-33F6-463B-AE23-0AD584F785D2}.Debug|Any CPU.Build.0 = Debug|Any CPU
		{51D53A01-33F6-463B-AE23-0AD584F785D2}.Release|Any CPU.ActiveCfg = Release|Any CPU
		{51D53A01-33F6-463B-AE23-0AD584F785D2}.Release|Any CPU.Build.0 = Release|Any CPU
	EndGlobalSection
EndGlobal
